<?xml version="1.0" encoding="utf-8"?>
<Project ToolsVersion="4.0" xmlns="http://schemas.microsoft.com/developer/msbuild/2003">
  <ItemGroup>
    <Filter Include="Source Files">
      <UniqueIdentifier>{4FC737F1-C7A5-4376-A066-2A32D752A2FF}</UniqueIdentifier>
      <Extensions>cpp;c;cc;cxx;def;odl;idl;hpj;bat;asm;asmx</Extensions>
    </Filter>
    <Filter Include="Header Files">
      <UniqueIdentifier>{93995380-89BD-4b04-88EB-625FBE52EBFB}</UniqueIdentifier>
      <Extensions>h;hh;hpp;hxx;hm;inl;inc;xsd</Extensions>
    </Filter>
    <Filter Include="Resource Files">
      <UniqueIdentifier>{67DA6AB6-F800-4c08-8B7A-83BB121AAD01}</UniqueIdentifier>
      <Extensions>rc;ico;cur;bmp;dlg;rc2;rct;bin;rgs;gif;jpg;jpeg;jpe;resx;tiff;tif;png;wav;mfcribbon-ms</Extensions>
    </Filter>
    <Filter Include="Resource Files\shaders">
      <UniqueIdentifier>{ed131232-6754-4cc3-a6f8-f27873c5e447}</UniqueIdentifier>
    </Filter>
    <Filter Include="Resource Files\shaders\orthographic">
      <UniqueIdentifier>{d0610676-5b6a-4328-b195-f10552c7e274}</UniqueIdentifier>
    </Filter>
    <Filter Include="Resource Files\shaders\world">
      <UniqueIdentifier>{7ba00709-b112-4997-9964-a4761c1f6ade}</UniqueIdentifier>
    </Filter>
    <Filter Include="Resource Files\shaders\shadowmap">
      <UniqueIdentifier>{15c1874d-94e0-4416-ac23-8c635fc32db4}</UniqueIdentifier>
    </Filter>
  </ItemGroup>
  <ItemGroup>
    <ClCompile Include="camera.cpp">
      <Filter>Source Files</Filter>
    </ClCompile>
    <ClCompile Include="font.cpp">
      <Filter>Source Files</Filter>
    </ClCompile>
    <ClCompile Include="graphics.cpp">
      <Filter>Source Files</Filter>
    </ClCompile>
    <ClCompile Include="main.cpp">
      <Filter>Source Files</Filter>
    </ClCompile>
    <ClCompile Include="mesh.cpp">
      <Filter>Source Files</Filter>
    </ClCompile>
    <ClCompile Include="model.cpp">
      <Filter>Source Files</Filter>
    </ClCompile>
    <ClCompile Include="object.cpp">
      <Filter>Source Files</Filter>
    </ClCompile>
    <ClCompile Include="orthographic.cpp">
      <Filter>Source Files</Filter>
    </ClCompile>
    <ClCompile Include="program.cpp">
      <Filter>Source Files</Filter>
    </ClCompile>
    <ClCompile Include="renderer.cpp">
      <Filter>Source Files</Filter>
    </ClCompile>
    <ClCompile Include="shader.cpp">
      <Filter>Source Files</Filter>
    </ClCompile>
    <ClCompile Include="shadowmap.cpp">
      <Filter>Source Files</Filter>
    </ClCompile>
    <ClCompile Include="shape.cpp">
      <Filter>Source Files</Filter>
    </ClCompile>
    <ClCompile Include="sprite.cpp">
      <Filter>Source Files</Filter>
    </ClCompile>
    <ClCompile Include="text.cpp">
      <Filter>Source Files</Filter>
    </ClCompile>
    <ClCompile Include="texture.cpp">
      <Filter>Source Files</Filter>
    </ClCompile>
    <ClCompile Include="window.cpp">
      <Filter>Source Files</Filter>
    </ClCompile>
  </ItemGroup>
  <ItemGroup>
    <ClInclude Include="animation.hpp">
      <Filter>Header Files</Filter>
    </ClInclude>
    <ClInclude Include="camera.hpp">
      <Filter>Header Files</Filter>
    </ClInclude>
    <ClInclude Include="font.hpp">
      <Filter>Header Files</Filter>
    </ClInclude>
    <ClInclude Include="graphics.hpp">
      <Filter>Header Files</Filter>
    </ClInclude>
    <ClInclude Include="mesh.hpp">
      <Filter>Header Files</Filter>
    </ClInclude>
    <ClInclude Include="model.hpp">
      <Filter>Header Files</Filter>
    </ClInclude>
    <ClInclude Include="object.hpp">
      <Filter>Header Files</Filter>
    </ClInclude>
    <ClInclude Include="orthographic.hpp">
      <Filter>Header Files</Filter>
    </ClInclude>
    <ClInclude Include="program.hpp">
      <Filter>Header Files</Filter>
    </ClInclude>
    <ClInclude Include="renderer.hpp">
      <Filter>Header Files</Filter>
    </ClInclude>
    <ClInclude Include="shader.hpp">
      <Filter>Header Files</Filter>
    </ClInclude>
    <ClInclude Include="shadowmap.hpp">
      <Filter>Header Files</Filter>
    </ClInclude>
    <ClInclude Include="shape.hpp">
      <Filter>Header Files</Filter>
    </ClInclude>
    <ClInclude Include="sprite.hpp">
      <Filter>Header Files</Filter>
    </ClInclude>
    <ClInclude Include="text.hpp">
      <Filter>Header Files</Filter>
    </ClInclude>
    <ClInclude Include="texture.hpp">
      <Filter>Header Files</Filter>
    </ClInclude>
    <ClInclude Include="window.hpp">
      <Filter>Header Files</Filter>
    </ClInclude>
  </ItemGroup>
  <ItemGroup>
    <None Include="shaders\orthographic\fragment.glsl">
      <Filter>Resource Files\shaders\orthographic</Filter>
    </None>
    <None Include="shaders\orthographic\vertex.glsl">
      <Filter>Resource Files\shaders\orthographic</Filter>
    </None>
    <None Include="shaders\world\fragment.glsl">
      <Filter>Resource Files\shaders\world</Filter>
    </None>
    <None Include="shaders\world\vertex.glsl">
      <Filter>Resource Files\shaders\world</Filter>
    </None>
    <None Include="shaders\shadowmap\fragment.glsl">
      <Filter>Resource Files\shaders\shadowmap</Filter>
    </None>
    <None Include="shaders\shadowmap\vertex.glsl">
      <Filter>Resource Files\shaders\shadowmap</Filter>
    </None>
  </ItemGroup>
</Project>